
Microsoft Visual Studio Solution File, Format Version 12.00
# Visual Studio Version 16
VisualStudioVersion = 16.0.810.17
MinimumVisualStudioVersion = 10.0.40219.1
Project("{FAE04EC0-301F-11D3-BF4B-00C04F79EFBC}") = "Calculator_Assignment", "Calculator_Assignment\Calculator_Assignment.csproj", "{9FA5E12C-1495-4852-BFD5-EF608D0E74E7}"
EndProject
Global
	GlobalSection(SolutionConfigurationPlatforms) = preSolution
		Debug|Any CPU = Debug|Any CPU
		Release|Any CPU = Release|Any CPU
	EndGlobalSection
	GlobalSection(ProjectConfigurationPlatforms) = postSolution
		{9FA5E12C-1495-4852-BFD5-EF608D0E74E7}.Debug|Any CPU.ActiveCfg = Debug|Any CPU
		{9FA5E12C-1495-4852-BFD5-EF608D0E74E7}.Debug|Any CPU.Build.0 = Debug|Any CPU
		{9FA5E12C-1495-4852-BFD5-EF608D0E74E7}.Release|Any CPU.ActiveCfg = Release|Any CPU
		{9FA5E12C-1495-4852-BFD5-EF608D0E74E7}.Release|Any CPU.Build.0 = Release|Any CPU
	EndGlobalSection
	GlobalSection(SolutionProperties) = preSolution
		HideSolutionNode = FALSE
	EndGlobalSection
	GlobalSection(ExtensibilityGlobals) = postSolution
		SolutionGuid = {76F15A1C-8DA8-4A3C-9113-37F3B11465FD}
	EndGlobalSection
EndGlobal
